// !$*UTF8*$!
{
	archiveVersion = 1;
	classes = {
	};
	objectVersion = 46;
	objects = {

/* Begin PBXBuildFile section */
		49436768174234B400F5C015 /* DemoCell.m in Sources */ = {isa = PBXBuildFile; fileRef = 49436767174234B400F5C015 /* DemoCell.m */; };
		4943676A174234F700F5C015 /* flower.jpg in Resources */ = {isa = PBXBuildFile; fileRef = 49436769174234F700F5C015 /* flower.jpg */; };
		4962682417422F5E00B77E50 /* UIKit.framework in Frameworks */ = {isa = PBXBuildFile; fileRef = 4962682317422F5E00B77E50 /* UIKit.framework */; };
		4962682617422F5E00B77E50 /* Foundation.framework in Frameworks */ = {isa = PBXBuildFile; fileRef = 4962682517422F5E00B77E50 /* Foundation.framework */; };
		4962682817422F5E00B77E50 /* CoreGraphics.framework in Frameworks */ = {isa = PBXBuildFile; fileRef = 4962682717422F5E00B77E50 /* CoreGraphics.framework */; };
		4962682E17422F5E00B77E50 /* InfoPlist.strings in Resources */ = {isa = PBXBuildFile; fileRef = 4962682C17422F5E00B77E50 /* InfoPlist.strings */; };
		4962683017422F5E00B77E50 /* main.m in Sources */ = {isa = PBXBuildFile; fileRef = 4962682F17422F5E00B77E50 /* main.m */; };
		4962683417422F5E00B77E50 /* DemoAppDelegate.m in Sources */ = {isa = PBXBuildFile; fileRef = 4962683317422F5E00B77E50 /* DemoAppDelegate.m */; };
		4962683617422F5E00B77E50 /* Default.png in Resources */ = {isa = PBXBuildFile; fileRef = 4962683517422F5E00B77E50 /* Default.png */; };
		4962683817422F5E00B77E50 /* Default@2x.png in Resources */ = {isa = PBXBuildFile; fileRef = 4962683717422F5E00B77E50 /* Default@2x.png */; };
		4962683A17422F5E00B77E50 /* Default-568h@2x.png in Resources */ = {isa = PBXBuildFile; fileRef = 4962683917422F5E00B77E50 /* Default-568h@2x.png */; };
		4962683D17422F5E00B77E50 /* MainStoryboard.storyboard in Resources */ = {isa = PBXBuildFile; fileRef = 4962683B17422F5E00B77E50 /* MainStoryboard.storyboard */; };
		4962684017422F5E00B77E50 /* DemoController.m in Sources */ = {isa = PBXBuildFile; fileRef = 4962683F17422F5E00B77E50 /* DemoController.m */; };
		49626848174230E700B77E50 /* UICollectionView+EmptyState.m in Sources */ = {isa = PBXBuildFile; fileRef = 49626847174230E700B77E50 /* UICollectionView+EmptyState.m */; };
/* End PBXBuildFile section */

/* Begin PBXFileReference section */
		49436766174234B400F5C015 /* DemoCell.h */ = {isa = PBXFileReference; fileEncoding = 4; lastKnownFileType = sourcecode.c.h; path = DemoCell.h; sourceTree = "<group>"; };
		49436767174234B400F5C015 /* DemoCell.m */ = {isa = PBXFileReference; fileEncoding = 4; lastKnownFileType = sourcecode.c.objc; path = DemoCell.m; sourceTree = "<group>"; };
		49436769174234F700F5C015 /* flower.jpg */ = {isa = PBXFileReference; lastKnownFileType = image.jpeg; path = flower.jpg; sourceTree = "<group>"; };
		4962682017422F5E00B77E50 /* Demo.app */ = {isa = PBXFileReference; explicitFileType = wrapper.application; includeInIndex = 0; path = Demo.app; sourceTree = BUILT_PRODUCTS_DIR; };
		4962682317422F5E00B77E50 /* UIKit.framework */ = {isa = PBXFileReference; lastKnownFileType = wrapper.framework; name = UIKit.framework; path = System/Library/Frameworks/UIKit.framework; sourceTree = SDKROOT; };
		4962682517422F5E00B77E50 /* Foundation.framework */ = {isa = PBXFileReference; lastKnownFileType = wrapper.framework; name = Foundation.framework; path = System/Library/Frameworks/Foundation.framework; sourceTree = SDKROOT; };
		4962682717422F5E00B77E50 /* CoreGraphics.framework */ = {isa = PBXFileReference; lastKnownFileType = wrapper.framework; name = CoreGraphics.framework; path = System/Library/Frameworks/CoreGraphics.framework; sourceTree = SDKROOT; };
		4962682B17422F5E00B77E50 /* Demo-Info.plist */ = {isa = PBXFileReference; lastKnownFileType = text.plist.xml; path = "Demo-Info.plist"; sourceTree = "<group>"; };
		4962682D17422F5E00B77E50 /* en */ = {isa = PBXFileReference; lastKnownFileType = text.plist.strings; name = en; path = en.lproj/InfoPlist.strings; sourceTree = "<group>"; };
		4962682F17422F5E00B77E50 /* main.m */ = {isa = PBXFileReference; lastKnownFileType = sourcecode.c.objc; path = main.m; sourceTree = "<group>"; };
		4962683117422F5E00B77E50 /* Demo-Prefix.pch */ = {isa = PBXFileReference; lastKnownFileType = sourcecode.c.h; path = "Demo-Prefix.pch"; sourceTree = "<group>"; };
		4962683217422F5E00B77E50 /* DemoAppDelegate.h */ = {isa = PBXFileReference; lastKnownFileType = sourcecode.c.h; path = DemoAppDelegate.h; sourceTree = "<group>"; };
		4962683317422F5E00B77E50 /* DemoAppDelegate.m */ = {isa = PBXFileReference; lastKnownFileType = sourcecode.c.objc; path = DemoAppDelegate.m; sourceTree = "<group>"; };
		4962683517422F5E00B77E50 /* Default.png */ = {isa = PBXFileReference; lastKnownFileType = image.png; path = Default.png; sourceTree = "<group>"; };
		4962683717422F5E00B77E50 /* Default@2x.png */ = {isa = PBXFileReference; lastKnownFileType = image.png; path = "Default@2x.png"; sourceTree = "<group>"; };
		4962683917422F5E00B77E50 /* Default-568h@2x.png */ = {isa = PBXFileReference; lastKnownFileType = image.png; path = "Default-568h@2x.png"; sourceTree = "<group>"; };
		4962683C17422F5E00B77E50 /* en */ = {isa = PBXFileReference; lastKnownFileType = file.storyboard; name = en; path = en.lproj/MainStoryboard.storyboard; sourceTree = "<group>"; };
		4962683E17422F5E00B77E50 /* DemoController.h */ = {isa = PBXFileReference; lastKnownFileType = sourcecode.c.h; path = DemoController.h; sourceTree = "<group>"; };
		4962683F17422F5E00B77E50 /* DemoController.m */ = {isa = PBXFileReference; lastKnownFileType = sourcecode.c.objc; path = DemoController.m; sourceTree = "<group>"; };
		49626846174230E700B77E50 /* UICollectionView+EmptyState.h */ = {isa = PBXFileReference; fileEncoding = 4; lastKnownFileType = sourcecode.c.h; path = "UICollectionView+EmptyState.h"; sourceTree = "<group>"; };
		49626847174230E700B77E50 /* UICollectionView+EmptyState.m */ = {isa = PBXFileReference; fileEncoding = 4; lastKnownFileType = sourcecode.c.objc; path = "UICollectionView+EmptyState.m"; sourceTree = "<group>"; };
/* End PBXFileReference section */

/* Begin PBXFrameworksBuildPhase section */
		4962681D17422F5E00B77E50 /* Frameworks */ = {
			isa = PBXFrameworksBuildPhase;
			buildActionMask = 2147483647;
			files = (
				4962682417422F5E00B77E50 /* UIKit.framework in Frameworks */,
				4962682617422F5E00B77E50 /* Foundation.framework in Frameworks */,
				4962682817422F5E00B77E50 /* CoreGraphics.framework in Frameworks */,
			);
			runOnlyForDeploymentPostprocessing = 0;
		};
/* End PBXFrameworksBuildPhase section */

/* Begin PBXGroup section */
		4962681717422F5E00B77E50 = {
			isa = PBXGroup;
			children = (
				49626849174230E900B77E50 /* UICollectionViewEmptyState */,
				4962682917422F5E00B77E50 /* Demo */,
				4962682217422F5E00B77E50 /* Frameworks */,
				4962682117422F5E00B77E50 /* Products */,
			);
			sourceTree = "<group>";
		};
		4962682117422F5E00B77E50 /* Products */ = {
			isa = PBXGroup;
			children = (
				4962682017422F5E00B77E50 /* Demo.app */,
			);
			name = Products;
			sourceTree = "<group>";
		};
		4962682217422F5E00B77E50 /* Frameworks */ = {
			isa = PBXGroup;
			children = (
				4962682317422F5E00B77E50 /* UIKit.framework */,
				4962682517422F5E00B77E50 /* Foundation.framework */,
				4962682717422F5E00B77E50 /* CoreGraphics.framework */,
			);
			name = Frameworks;
			sourceTree = "<group>";
		};
		4962682917422F5E00B77E50 /* Demo */ = {
			isa = PBXGroup;
			children = (
				49436769174234F700F5C015 /* flower.jpg */,
				4962683217422F5E00B77E50 /* DemoAppDelegate.h */,
				4962683317422F5E00B77E50 /* DemoAppDelegate.m */,
				4962683B17422F5E00B77E50 /* MainStoryboard.storyboard */,
				4962683E17422F5E00B77E50 /* DemoController.h */,
				4962683F17422F5E00B77E50 /* DemoController.m */,
				49436766174234B400F5C015 /* DemoCell.h */,
				49436767174234B400F5C015 /* DemoCell.m */,
				4962682A17422F5E00B77E50 /* Supporting Files */,
			);
			path = Demo;
			sourceTree = "<group>";
		};
		4962682A17422F5E00B77E50 /* Supporting Files */ = {
			isa = PBXGroup;
			children = (
				4962682B17422F5E00B77E50 /* Demo-Info.plist */,
				4962682C17422F5E00B77E50 /* InfoPlist.strings */,
				4962682F17422F5E00B77E50 /* main.m */,
				4962683117422F5E00B77E50 /* Demo-Prefix.pch */,
				4962683517422F5E00B77E50 /* Default.png */,
				4962683717422F5E00B77E50 /* Default@2x.png */,
				4962683917422F5E00B77E50 /* Default-568h@2x.png */,
			);
			name = "Supporting Files";
			sourceTree = "<group>";
		};
		49626849174230E900B77E50 /* UICollectionViewEmptyState */ = {
			isa = PBXGroup;
			children = (
				49626846174230E700B77E50 /* UICollectionView+EmptyState.h */,
				49626847174230E700B77E50 /* UICollectionView+EmptyState.m */,
			);
			path = UICollectionViewEmptyState;
			sourceTree = "<group>";
		};
/* End PBXGroup section */

/* Begin PBXNativeTarget section */
		4962681F17422F5E00B77E50 /* Demo */ = {
			isa = PBXNativeTarget;
			buildConfigurationList = 4962684317422F5E00B77E50 /* Build configuration list for PBXNativeTarget "Demo" */;
			buildPhases = (
				4962681C17422F5E00B77E50 /* Sources */,
				4962681D17422F5E00B77E50 /* Frameworks */,
				4962681E17422F5E00B77E50 /* Resources */,
			);
			buildRules = (
			);
			dependencies = (
			);
			name = Demo;
			productName = UICollectionViewEmptyState;
			productReference = 4962682017422F5E00B77E50 /* Demo.app */;
			productType = "com.apple.product-type.application";
		};
/* End PBXNativeTarget section */

/* Begin PBXProject section */
		4962681817422F5E00B77E50 /* Project object */ = {
			isa = PBXProject;
			attributes = {
				CLASSPREFIX = JC;
				LastUpgradeCheck = 0460;
				ORGANIZATIONNAME = "Jon Crooke";
			};
			buildConfigurationList = 4962681B17422F5E00B77E50 /* Build configuration list for PBXProject "UICollectionViewEmptyState" */;
			compatibilityVersion = "Xcode 3.2";
			developmentRegion = English;
			hasScannedForEncodings = 0;
			knownRegions = (
				en,
			);
			mainGroup = 4962681717422F5E00B77E50;
			productRefGroup = 4962682117422F5E00B77E50 /* Products */;
			projectDirPath = "";
			projectRoot = "";
			targets = (
				4962681F17422F5E00B77E50 /* Demo */,
			);
		};
/* End PBXProject section */

/* Begin PBXResourcesBuildPhase section */
		4962681E17422F5E00B77E50 /* Resources */ = {
			isa = PBXResourcesBuildPhase;
			buildActionMask = 2147483647;
			files = (
				4962682E17422F5E00B77E50 /* InfoPlist.strings in Resources */,
				4962683617422F5E00B77E50 /* Default.png in Resources */,
				4962683817422F5E00B77E50 /* Default@2x.png in Resources */,
				4962683A17422F5E00B77E50 /* Default-568h@2x.png in Resources */,
				4962683D17422F5E00B77E50 /* MainStoryboard.storyboard in Resources */,
				4943676A174234F700F5C015 /* flower.jpg in Resources */,
			);
			runOnlyForDeploymentPostprocessing = 0;
		};
/* End PBXResourcesBuildPhase section */

/* Begin PBXSourcesBuildPhase section */
		4962681C17422F5E00B77E50 /* Sources */ = {
			isa = PBXSourcesBuildPhase;
			buildActionMask = 2147483647;
			files = (
				4962683017422F5E00B77E50 /* main.m in Sources */,
				4962683417422F5E00B77E50 /* DemoAppDelegate.m in Sources */,
				4962684017422F5E00B77E50 /* DemoController.m in Sources */,
				49626848174230E700B77E50 /* UICollectionView+EmptyState.m in Sources */,
				49436768174234B400F5C015 /* DemoCell.m in Sources */,
			);
			runOnlyForDeploymentPostprocessing = 0;
		};
/* End PBXSourcesBuildPhase section */

/* Begin PBXVariantGroup section */
		4962682C17422F5E00B77E50 /* InfoPlist.strings */ = {
			isa = PBXVariantGroup;
			children = (
				4962682D17422F5E00B77E50 /* en */,
			);
			name = InfoPlist.strings;
			sourceTree = "<group>";
		};
		4962683B17422F5E00B77E50 /* MainStoryboard.storyboard */ = {
			isa = PBXVariantGroup;
			children = (
				4962683C17422F5E00B77E50 /* en */,
			);
			name = MainStoryboard.storyboard;
			sourceTree = "<group>";
		};
/* End PBXVariantGroup section */

/* Begin XCBuildConfiguration section */
		4962684117422F5E00B77E50 /* Debug */ = {
			isa = XCBuildConfiguration;
			buildSettings = {
				ALWAYS_SEARCH_USER_PATHS = NO;
				CLANG_CXX_LANGUAGE_STANDARD = "gnu++0x";
				CLANG_CXX_LIBRARY = "libc++";
				CLANG_ENABLE_OBJC_ARC = YES;
				CLANG_WARN_CONSTANT_CONVERSION = YES;
				CLANG_WARN_EMPTY_BODY = YES;
				CLANG_WARN_ENUM_CONVERSION = YES;
				CLANG_WARN_INT_CONVERSION = YES;
				CLANG_WARN__DUPLICATE_METHOD_MATCH = YES;
				"CODE_SIGN_IDENTITY[sdk=iphoneos*]" = "iPhone Developer";
				COPY_PHASE_STRIP = NO;
				GCC_C_LANGUAGE_STANDARD = gnu99;
				GCC_DYNAMIC_NO_PIC = NO;
				GCC_OPTIMIZATION_LEVEL = 0;
				GCC_PREPROCESSOR_DEFINITIONS = (
					"DEBUG=1",
					"$(inherited)",
				);
				GCC_SYMBOLS_PRIVATE_EXTERN = NO;
				GCC_WARN_ABOUT_RETURN_TYPE = YES;
				GCC_WARN_UNINITIALIZED_AUTOS = YES;
				GCC_WARN_UNUSED_VARIABLE = YES;
				IPHONEOS_DEPLOYMENT_TARGET = 6.1;
				ONLY_ACTIVE_ARCH = YES;
				SDKROOT = iphoneos;
			};
			name = Debug;
		};
		4962684217422F5E00B77E50 /* Release */ = {
			isa = XCBuildConfiguration;
			buildSettings = {
				ALWAYS_SEARCH_USER_PATHS = NO;
				CLANG_CXX_LANGUAGE_STANDARD = "gnu++0x";
				CLANG_CXX_LIBRARY = "libc++";
				CLANG_ENABLE_OBJC_ARC = YES;
				CLANG_WARN_CONSTANT_CONVERSION = YES;
				CLANG_WARN_EMPTY_BODY = YES;
				CLANG_WARN_ENUM_CONVERSION = YES;
				CLANG_WARN_INT_CONVERSION = YES;
				CLANG_WARN__DUPLICATE_METHOD_MATCH = YES;
				"CODE_SIGN_IDENTITY[sdk=iphoneos*]" = "iPhone Developer";
				COPY_PHASE_STRIP = YES;
				GCC_C_LANGUAGE_STANDARD = gnu99;
				GCC_WARN_ABOUT_RETURN_TYPE = YES;
				GCC_WARN_UNINITIALIZED_AUTOS = YES;
				GCC_WARN_UNUSED_VARIABLE = YES;
				IPHONEOS_DEPLOYMENT_TARGET = 6.1;
				OTHER_CFLAGS = "-DNS_BLOCK_ASSERTIONS=1";
				SDKROOT = iphoneos;
				VALIDATE_PRODUCT = YES;
			};
			name = Release;
		};
		4962684417422F5E00B77E50 /* Debug */ = {
			isa = XCBuildConfiguration;
			buildSettings = {
				GCC_PRECOMPILE_PREFIX_HEADER = YES;
				GCC_PREFIX_HEADER = "Demo/Demo-Prefix.pch";
				INFOPLIST_FILE = "Demo/Demo-Info.plist";
				PRODUCT_NAME = "$(TARGET_NAME)";
				WRAPPER_EXTENSION = app;
			};
			name = Debug;
		};
		4962684517422F5E00B77E50 /* Release */ = {
			isa = XCBuildConfiguration;
			buildSettings = {
				GCC_PRECOMPILE_PREFIX_HEADER = YES;
				GCC_PREFIX_HEADER = "Demo/Demo-Prefix.pch";
				INFOPLIST_FILE = "Demo/Demo-Info.plist";
				PRODUCT_NAME = "$(TARGET_NAME)";
				WRAPPER_EXTENSION = app;
			};
			name = Release;
		};
/* End XCBuildConfiguration section */

/* Begin XCConfigurationList section */
		4962681B17422F5E00B77E50 /* Build configuration list for PBXProject "UICollectionViewEmptyState" */ = {
			isa = XCConfigurationList;
			buildConfigurations = (
				4962684117422F5E00B77E50 /* Debug */,
				4962684217422F5E00B77E50 /* Release */,
			);
			defaultConfigurationIsVisible = 0;
			defaultConfigurationName = Release;
		};
		4962684317422F5E00B77E50 /* Build configuration list for PBXNativeTarget "Demo" */ = {
			isa = XCConfigurationList;
			buildConfigurations = (
				4962684417422F5E00B77E50 /* Debug */,
				4962684517422F5E00B77E50 /* Release */,
			);
			defaultConfigurationIsVisible = 0;
			defaultConfigurationName = Release;
		};
/* End XCConfigurationList section */
	};
	rootObject = 4962681817422F5E00B77E50 /* Project object */;
}
