// !$*UTF8*$!
{
	archiveVersion = 1;
	classes = {
	};
	objectVersion = 46;
	objects = {

/* Begin PBXBuildFile section */
		1FAD0AC4FF046F00E251E38F /* libPods.a in Frameworks */ = {isa = PBXBuildFile; fileRef = 7EAD746923C1B8F6D538310B /* libPods.a */; };
		492127831A9F3D410047AE73 /* Launch Screen.xib in Resources */ = {isa = PBXBuildFile; fileRef = 492127821A9F3D410047AE73 /* Launch Screen.xib */; };
		495CB7BE1A9F15C7000E3F2F /* main.m in Sources */ = {isa = PBXBuildFile; fileRef = 495CB7BD1A9F15C7000E3F2F /* main.m */; };
		495CB7E21A9F172B000E3F2F /* Media.xcassets in Resources */ = {isa = PBXBuildFile; fileRef = 495CB7E11A9F172B000E3F2F /* Media.xcassets */; };
		495CB7E51A9F1795000E3F2F /* InfoPlist.strings in Resources */ = {isa = PBXBuildFile; fileRef = 495CB7E31A9F1795000E3F2F /* InfoPlist.strings */; };
		495CB7E81A9F1799000E3F2F /* MainStoryboard.storyboard in Resources */ = {isa = PBXBuildFile; fileRef = 495CB7E61A9F1799000E3F2F /* MainStoryboard.storyboard */; };
		495CB7EF1A9F17A0000E3F2F /* DemoAppDelegate.m in Sources */ = {isa = PBXBuildFile; fileRef = 495CB7EA1A9F17A0000E3F2F /* DemoAppDelegate.m */; };
		495CB7F01A9F17A0000E3F2F /* DemoCell.m in Sources */ = {isa = PBXBuildFile; fileRef = 495CB7EC1A9F17A0000E3F2F /* DemoCell.m */; };
		495CB7F11A9F17A0000E3F2F /* DemoController.m in Sources */ = {isa = PBXBuildFile; fileRef = 495CB7EE1A9F17A0000E3F2F /* DemoController.m */; };
		495CB7F51A9F17C0000E3F2F /* SpecClasses.m in Sources */ = {isa = PBXBuildFile; fileRef = 495CB7F31A9F17C0000E3F2F /* SpecClasses.m */; };
		495CB7F61A9F17C0000E3F2F /* Specs.m in Sources */ = {isa = PBXBuildFile; fileRef = 495CB7F41A9F17C0000E3F2F /* Specs.m */; };
		49629DCA1A9F4E6300BA8910 /* DemoToolbar.m in Sources */ = {isa = PBXBuildFile; fileRef = 49629DC91A9F4E6300BA8910 /* DemoToolbar.m */; };
		49CB45201A9F48B700482845 /* UICollectionViewEmptyState.podspec in Resources */ = {isa = PBXBuildFile; fileRef = 49CB451F1A9F48B700482845 /* UICollectionViewEmptyState.podspec */; };
		77BAF4A1FFC009771690482A /* libPods-Tests.a in Frameworks */ = {isa = PBXBuildFile; fileRef = DEEFB41971A53A1E5CF19A2A /* libPods-Tests.a */; };
/* End PBXBuildFile section */

/* Begin PBXContainerItemProxy section */
		495CB7D21A9F15C7000E3F2F /* PBXContainerItemProxy */ = {
			isa = PBXContainerItemProxy;
			containerPortal = 495CB7B01A9F15C7000E3F2F /* Project object */;
			proxyType = 1;
			remoteGlobalIDString = 495CB7B71A9F15C7000E3F2F;
			remoteInfo = UICollectionViewEmptyState;
		};
/* End PBXContainerItemProxy section */

/* Begin PBXFileReference section */
		004195FC1CE83B6D7B01E17D /* Pods-Tests.debug.xcconfig */ = {isa = PBXFileReference; includeInIndex = 1; lastKnownFileType = text.xcconfig; name = "Pods-Tests.debug.xcconfig"; path = "Pods/Target Support Files/Pods-Tests/Pods-Tests.debug.xcconfig"; sourceTree = "<group>"; };
		492127821A9F3D410047AE73 /* Launch Screen.xib */ = {isa = PBXFileReference; fileEncoding = 4; lastKnownFileType = file.xib; path = "Launch Screen.xib"; sourceTree = "<group>"; };
		495CB7B81A9F15C7000E3F2F /* Demo.app */ = {isa = PBXFileReference; explicitFileType = wrapper.application; includeInIndex = 0; path = Demo.app; sourceTree = BUILT_PRODUCTS_DIR; };
		495CB7BC1A9F15C7000E3F2F /* Info.plist */ = {isa = PBXFileReference; lastKnownFileType = text.plist.xml; path = Info.plist; sourceTree = "<group>"; };
		495CB7BD1A9F15C7000E3F2F /* main.m */ = {isa = PBXFileReference; lastKnownFileType = sourcecode.c.objc; path = main.m; sourceTree = "<group>"; };
		495CB7D11A9F15C7000E3F2F /* Tests.xctest */ = {isa = PBXFileReference; explicitFileType = wrapper.cfbundle; includeInIndex = 0; path = Tests.xctest; sourceTree = BUILT_PRODUCTS_DIR; };
		495CB7D61A9F15C7000E3F2F /* Info.plist */ = {isa = PBXFileReference; lastKnownFileType = text.plist.xml; path = Info.plist; sourceTree = "<group>"; };
		495CB7E11A9F172B000E3F2F /* Media.xcassets */ = {isa = PBXFileReference; lastKnownFileType = folder.assetcatalog; path = Media.xcassets; sourceTree = "<group>"; };
		495CB7E41A9F1795000E3F2F /* en */ = {isa = PBXFileReference; lastKnownFileType = text.plist.strings; name = en; path = en.lproj/InfoPlist.strings; sourceTree = "<group>"; };
		495CB7E71A9F1799000E3F2F /* en */ = {isa = PBXFileReference; lastKnownFileType = file.storyboard; name = en; path = en.lproj/MainStoryboard.storyboard; sourceTree = "<group>"; };
		495CB7E91A9F17A0000E3F2F /* DemoAppDelegate.h */ = {isa = PBXFileReference; fileEncoding = 4; lastKnownFileType = sourcecode.c.h; path = DemoAppDelegate.h; sourceTree = "<group>"; };
		495CB7EA1A9F17A0000E3F2F /* DemoAppDelegate.m */ = {isa = PBXFileReference; fileEncoding = 4; lastKnownFileType = sourcecode.c.objc; path = DemoAppDelegate.m; sourceTree = "<group>"; };
		495CB7EB1A9F17A0000E3F2F /* DemoCell.h */ = {isa = PBXFileReference; fileEncoding = 4; lastKnownFileType = sourcecode.c.h; path = DemoCell.h; sourceTree = "<group>"; };
		495CB7EC1A9F17A0000E3F2F /* DemoCell.m */ = {isa = PBXFileReference; fileEncoding = 4; lastKnownFileType = sourcecode.c.objc; path = DemoCell.m; sourceTree = "<group>"; };
		495CB7ED1A9F17A0000E3F2F /* DemoController.h */ = {isa = PBXFileReference; fileEncoding = 4; lastKnownFileType = sourcecode.c.h; path = DemoController.h; sourceTree = "<group>"; };
		495CB7EE1A9F17A0000E3F2F /* DemoController.m */ = {isa = PBXFileReference; fileEncoding = 4; lastKnownFileType = sourcecode.c.objc; path = DemoController.m; sourceTree = "<group>"; };
		495CB7F21A9F17C0000E3F2F /* SpecClasses.h */ = {isa = PBXFileReference; fileEncoding = 4; lastKnownFileType = sourcecode.c.h; path = SpecClasses.h; sourceTree = "<group>"; };
		495CB7F31A9F17C0000E3F2F /* SpecClasses.m */ = {isa = PBXFileReference; fileEncoding = 4; lastKnownFileType = sourcecode.c.objc; path = SpecClasses.m; sourceTree = "<group>"; };
		495CB7F41A9F17C0000E3F2F /* Specs.m */ = {isa = PBXFileReference; fileEncoding = 4; lastKnownFileType = sourcecode.c.objc; path = Specs.m; sourceTree = "<group>"; };
		495CB7F71A9F17E0000E3F2F /* Podfile */ = {isa = PBXFileReference; lastKnownFileType = text; path = Podfile; sourceTree = "<group>"; xcLanguageSpecificationIdentifier = xcode.lang.ruby; };
		49629DC81A9F4E6300BA8910 /* DemoToolbar.h */ = {isa = PBXFileReference; fileEncoding = 4; lastKnownFileType = sourcecode.c.h; path = DemoToolbar.h; sourceTree = "<group>"; };
		49629DC91A9F4E6300BA8910 /* DemoToolbar.m */ = {isa = PBXFileReference; fileEncoding = 4; lastKnownFileType = sourcecode.c.objc; path = DemoToolbar.m; sourceTree = "<group>"; };
		49629DCB1A9F4FDF00BA8910 /* LICENSE.txt */ = {isa = PBXFileReference; lastKnownFileType = text; path = LICENSE.txt; sourceTree = "<group>"; };
		49629DCC1A9F4FDF00BA8910 /* README.md */ = {isa = PBXFileReference; lastKnownFileType = net.daringfireball.markdown; path = README.md; sourceTree = "<group>"; };
		49CB451F1A9F48B700482845 /* UICollectionViewEmptyState.podspec */ = {isa = PBXFileReference; fileEncoding = 4; lastKnownFileType = text; path = UICollectionViewEmptyState.podspec; sourceTree = "<group>"; };
		6876F2AF094F34EAA3A09B1C /* Pods.debug.xcconfig */ = {isa = PBXFileReference; includeInIndex = 1; lastKnownFileType = text.xcconfig; name = Pods.debug.xcconfig; path = "Pods/Target Support Files/Pods/Pods.debug.xcconfig"; sourceTree = "<group>"; };
		7EAD746923C1B8F6D538310B /* libPods.a */ = {isa = PBXFileReference; explicitFileType = archive.ar; includeInIndex = 0; path = libPods.a; sourceTree = BUILT_PRODUCTS_DIR; };
		AFE61967A906FAC00904A0E1 /* Pods.release.xcconfig */ = {isa = PBXFileReference; includeInIndex = 1; lastKnownFileType = text.xcconfig; name = Pods.release.xcconfig; path = "Pods/Target Support Files/Pods/Pods.release.xcconfig"; sourceTree = "<group>"; };
		B7254A7657FA8934B4B14455 /* Pods-Tests.release.xcconfig */ = {isa = PBXFileReference; includeInIndex = 1; lastKnownFileType = text.xcconfig; name = "Pods-Tests.release.xcconfig"; path = "Pods/Target Support Files/Pods-Tests/Pods-Tests.release.xcconfig"; sourceTree = "<group>"; };
		DEEFB41971A53A1E5CF19A2A /* libPods-Tests.a */ = {isa = PBXFileReference; explicitFileType = archive.ar; includeInIndex = 0; path = "libPods-Tests.a"; sourceTree = BUILT_PRODUCTS_DIR; };
/* End PBXFileReference section */

/* Begin PBXFrameworksBuildPhase section */
		495CB7B51A9F15C7000E3F2F /* Frameworks */ = {
			isa = PBXFrameworksBuildPhase;
			buildActionMask = 2147483647;
			files = (
				1FAD0AC4FF046F00E251E38F /* libPods.a in Frameworks */,
			);
			runOnlyForDeploymentPostprocessing = 0;
		};
		495CB7CE1A9F15C7000E3F2F /* Frameworks */ = {
			isa = PBXFrameworksBuildPhase;
			buildActionMask = 2147483647;
			files = (
				77BAF4A1FFC009771690482A /* libPods-Tests.a in Frameworks */,
			);
			runOnlyForDeploymentPostprocessing = 0;
		};
/* End PBXFrameworksBuildPhase section */

/* Begin PBXGroup section */
		1C12949592D0142D6F716EF6 /* Pods */ = {
			isa = PBXGroup;
			children = (
				495CB7F71A9F17E0000E3F2F /* Podfile */,
				49CB451F1A9F48B700482845 /* UICollectionViewEmptyState.podspec */,
				6876F2AF094F34EAA3A09B1C /* Pods.debug.xcconfig */,
				AFE61967A906FAC00904A0E1 /* Pods.release.xcconfig */,
				004195FC1CE83B6D7B01E17D /* Pods-Tests.debug.xcconfig */,
				B7254A7657FA8934B4B14455 /* Pods-Tests.release.xcconfig */,
			);
			name = Pods;
			sourceTree = "<group>";
		};
		495CB7AF1A9F15C7000E3F2F = {
			isa = PBXGroup;
			children = (
				495CB7BA1A9F15C7000E3F2F /* Demo */,
				495CB7D41A9F15C7000E3F2F /* Tests */,
				495CB7B91A9F15C7000E3F2F /* Products */,
				1C12949592D0142D6F716EF6 /* Pods */,
				FD7FD80B3C1E98E7609F9A54 /* Frameworks */,
				49629DCB1A9F4FDF00BA8910 /* LICENSE.txt */,
				49629DCC1A9F4FDF00BA8910 /* README.md */,
			);
			sourceTree = "<group>";
		};
		495CB7B91A9F15C7000E3F2F /* Products */ = {
			isa = PBXGroup;
			children = (
				495CB7B81A9F15C7000E3F2F /* Demo.app */,
				495CB7D11A9F15C7000E3F2F /* Tests.xctest */,
			);
			name = Products;
			sourceTree = "<group>";
		};
		495CB7BA1A9F15C7000E3F2F /* Demo */ = {
			isa = PBXGroup;
			children = (
				495CB7E91A9F17A0000E3F2F /* DemoAppDelegate.h */,
				495CB7EA1A9F17A0000E3F2F /* DemoAppDelegate.m */,
				495CB7EB1A9F17A0000E3F2F /* DemoCell.h */,
				495CB7EC1A9F17A0000E3F2F /* DemoCell.m */,
				495CB7ED1A9F17A0000E3F2F /* DemoController.h */,
				495CB7EE1A9F17A0000E3F2F /* DemoController.m */,
				49629DC81A9F4E6300BA8910 /* DemoToolbar.h */,
				49629DC91A9F4E6300BA8910 /* DemoToolbar.m */,
				495CB7E61A9F1799000E3F2F /* MainStoryboard.storyboard */,
				492127821A9F3D410047AE73 /* Launch Screen.xib */,
				495CB7E11A9F172B000E3F2F /* Media.xcassets */,
				495CB7BB1A9F15C7000E3F2F /* Supporting Files */,
			);
			path = Demo;
			sourceTree = "<group>";
		};
		495CB7BB1A9F15C7000E3F2F /* Supporting Files */ = {
			isa = PBXGroup;
			children = (
				495CB7E31A9F1795000E3F2F /* InfoPlist.strings */,
				495CB7BC1A9F15C7000E3F2F /* Info.plist */,
				495CB7BD1A9F15C7000E3F2F /* main.m */,
			);
			name = "Supporting Files";
			sourceTree = "<group>";
		};
		495CB7D41A9F15C7000E3F2F /* Tests */ = {
			isa = PBXGroup;
			children = (
				495CB7F21A9F17C0000E3F2F /* SpecClasses.h */,
				495CB7F31A9F17C0000E3F2F /* SpecClasses.m */,
				495CB7F41A9F17C0000E3F2F /* Specs.m */,
				495CB7D51A9F15C7000E3F2F /* Supporting Files */,
			);
			path = Tests;
			sourceTree = "<group>";
		};
		495CB7D51A9F15C7000E3F2F /* Supporting Files */ = {
			isa = PBXGroup;
			children = (
				495CB7D61A9F15C7000E3F2F /* Info.plist */,
			);
			name = "Supporting Files";
			sourceTree = "<group>";
		};
		FD7FD80B3C1E98E7609F9A54 /* Frameworks */ = {
			isa = PBXGroup;
			children = (
				7EAD746923C1B8F6D538310B /* libPods.a */,
				DEEFB41971A53A1E5CF19A2A /* libPods-Tests.a */,
			);
			name = Frameworks;
			sourceTree = "<group>";
		};
/* End PBXGroup section */

/* Begin PBXNativeTarget section */
		495CB7B71A9F15C7000E3F2F /* Demo */ = {
			isa = PBXNativeTarget;
			buildConfigurationList = 495CB7DB1A9F15C7000E3F2F /* Build configuration list for PBXNativeTarget "Demo" */;
			buildPhases = (
				CF1225F46F1224D04537D751 /* Check Pods Manifest.lock */,
				495CB7B41A9F15C7000E3F2F /* Sources */,
				495CB7B51A9F15C7000E3F2F /* Frameworks */,
				495CB7B61A9F15C7000E3F2F /* Resources */,
				A676B121E096BD6B9C92DE97 /* Copy Pods Resources */,
			);
			buildRules = (
			);
			dependencies = (
			);
			name = Demo;
			productName = UICollectionViewEmptyState;
			productReference = 495CB7B81A9F15C7000E3F2F /* Demo.app */;
			productType = "com.apple.product-type.application";
		};
		495CB7D01A9F15C7000E3F2F /* Tests */ = {
			isa = PBXNativeTarget;
			buildConfigurationList = 495CB7DE1A9F15C7000E3F2F /* Build configuration list for PBXNativeTarget "Tests" */;
			buildPhases = (
				D3B066E120E145CAD94CBF5F /* Check Pods Manifest.lock */,
				495CB7CD1A9F15C7000E3F2F /* Sources */,
				495CB7CE1A9F15C7000E3F2F /* Frameworks */,
				495CB7CF1A9F15C7000E3F2F /* Resources */,
				E52281FE526942F6DCFDD9E0 /* Copy Pods Resources */,
			);
			buildRules = (
			);
			dependencies = (
				495CB7D31A9F15C7000E3F2F /* PBXTargetDependency */,
			);
			name = Tests;
			productName = UICollectionViewEmptyStateTests;
			productReference = 495CB7D11A9F15C7000E3F2F /* Tests.xctest */;
			productType = "com.apple.product-type.bundle.unit-test";
		};
/* End PBXNativeTarget section */

/* Begin PBXProject section */
		495CB7B01A9F15C7000E3F2F /* Project object */ = {
			isa = PBXProject;
			attributes = {
				LastUpgradeCheck = 0610;
				ORGANIZATIONNAME = "Jonathan Crooke";
				TargetAttributes = {
					495CB7B71A9F15C7000E3F2F = {
						CreatedOnToolsVersion = 6.1.1;
					};
					495CB7D01A9F15C7000E3F2F = {
						CreatedOnToolsVersion = 6.1.1;
						TestTargetID = 495CB7B71A9F15C7000E3F2F;
					};
				};
			};
			buildConfigurationList = 495CB7B31A9F15C7000E3F2F /* Build configuration list for PBXProject "UICollectionViewEmptyState" */;
			compatibilityVersion = "Xcode 3.2";
			developmentRegion = English;
			hasScannedForEncodings = 0;
			knownRegions = (
				en,
				Base,
			);
			mainGroup = 495CB7AF1A9F15C7000E3F2F;
			productRefGroup = 495CB7B91A9F15C7000E3F2F /* Products */;
			projectDirPath = "";
			projectRoot = "";
			targets = (
				495CB7B71A9F15C7000E3F2F /* Demo */,
				495CB7D01A9F15C7000E3F2F /* Tests */,
			);
		};
/* End PBXProject section */

/* Begin PBXResourcesBuildPhase section */
		495CB7B61A9F15C7000E3F2F /* Resources */ = {
			isa = PBXResourcesBuildPhase;
			buildActionMask = 2147483647;
			files = (
				495CB7E81A9F1799000E3F2F /* MainStoryboard.storyboard in Resources */,
				492127831A9F3D410047AE73 /* Launch Screen.xib in Resources */,
				495CB7E21A9F172B000E3F2F /* Media.xcassets in Resources */,
				49CB45201A9F48B700482845 /* UICollectionViewEmptyState.podspec in Resources */,
				495CB7E51A9F1795000E3F2F /* InfoPlist.strings in Resources */,
			);
			runOnlyForDeploymentPostprocessing = 0;
		};
		495CB7CF1A9F15C7000E3F2F /* Resources */ = {
			isa = PBXResourcesBuildPhase;
			buildActionMask = 2147483647;
			files = (
			);
			runOnlyForDeploymentPostprocessing = 0;
		};
/* End PBXResourcesBuildPhase section */

/* Begin PBXShellScriptBuildPhase section */
		A676B121E096BD6B9C92DE97 /* Copy Pods Resources */ = {
			isa = PBXShellScriptBuildPhase;
			buildActionMask = 2147483647;
			files = (
			);
			inputPaths = (
			);
			name = "Copy Pods Resources";
			outputPaths = (
			);
			runOnlyForDeploymentPostprocessing = 0;
			shellPath = /bin/sh;
			shellScript = "\"${SRCROOT}/Pods/Target Support Files/Pods/Pods-resources.sh\"\n";
			showEnvVarsInLog = 0;
		};
		CF1225F46F1224D04537D751 /* Check Pods Manifest.lock */ = {
			isa = PBXShellScriptBuildPhase;
			buildActionMask = 2147483647;
			files = (
			);
			inputPaths = (
			);
			name = "Check Pods Manifest.lock";
			outputPaths = (
			);
			runOnlyForDeploymentPostprocessing = 0;
			shellPath = /bin/sh;
			shellScript = "diff \"${PODS_ROOT}/../Podfile.lock\" \"${PODS_ROOT}/Manifest.lock\" > /dev/null\nif [[ $? != 0 ]] ; then\n    cat << EOM\nerror: The sandbox is not in sync with the Podfile.lock. Run 'pod install' or update your CocoaPods installation.\nEOM\n    exit 1\nfi\n";
			showEnvVarsInLog = 0;
		};
		D3B066E120E145CAD94CBF5F /* Check Pods Manifest.lock */ = {
			isa = PBXShellScriptBuildPhase;
			buildActionMask = 2147483647;
			files = (
			);
			inputPaths = (
			);
			name = "Check Pods Manifest.lock";
			outputPaths = (
			);
			runOnlyForDeploymentPostprocessing = 0;
			shellPath = /bin/sh;
			shellScript = "diff \"${PODS_ROOT}/../Podfile.lock\" \"${PODS_ROOT}/Manifest.lock\" > /dev/null\nif [[ $? != 0 ]] ; then\n    cat << EOM\nerror: The sandbox is not in sync with the Podfile.lock. Run 'pod install' or update your CocoaPods installation.\nEOM\n    exit 1\nfi\n";
			showEnvVarsInLog = 0;
		};
		E52281FE526942F6DCFDD9E0 /* Copy Pods Resources */ = {
			isa = PBXShellScriptBuildPhase;
			buildActionMask = 2147483647;
			files = (
			);
			inputPaths = (
			);
			name = "Copy Pods Resources";
			outputPaths = (
			);
			runOnlyForDeploymentPostprocessing = 0;
			shellPath = /bin/sh;
			shellScript = "\"${SRCROOT}/Pods/Target Support Files/Pods-Tests/Pods-Tests-resources.sh\"\n";
			showEnvVarsInLog = 0;
		};
/* End PBXShellScriptBuildPhase section */

/* Begin PBXSourcesBuildPhase section */
		495CB7B41A9F15C7000E3F2F /* Sources */ = {
			isa = PBXSourcesBuildPhase;
			buildActionMask = 2147483647;
			files = (
				495CB7F11A9F17A0000E3F2F /* DemoController.m in Sources */,
				495CB7BE1A9F15C7000E3F2F /* main.m in Sources */,
				495CB7F01A9F17A0000E3F2F /* DemoCell.m in Sources */,
				49629DCA1A9F4E6300BA8910 /* DemoToolbar.m in Sources */,
				495CB7EF1A9F17A0000E3F2F /* DemoAppDelegate.m in Sources */,
			);
			runOnlyForDeploymentPostprocessing = 0;
		};
		495CB7CD1A9F15C7000E3F2F /* Sources */ = {
			isa = PBXSourcesBuildPhase;
			buildActionMask = 2147483647;
			files = (
				495CB7F61A9F17C0000E3F2F /* Specs.m in Sources */,
				495CB7F51A9F17C0000E3F2F /* SpecClasses.m in Sources */,
			);
			runOnlyForDeploymentPostprocessing = 0;
		};
/* End PBXSourcesBuildPhase section */

/* Begin PBXTargetDependency section */
		495CB7D31A9F15C7000E3F2F /* PBXTargetDependency */ = {
			isa = PBXTargetDependency;
			target = 495CB7B71A9F15C7000E3F2F /* Demo */;
			targetProxy = 495CB7D21A9F15C7000E3F2F /* PBXContainerItemProxy */;
		};
/* End PBXTargetDependency section */

/* Begin PBXVariantGroup section */
		495CB7E31A9F1795000E3F2F /* InfoPlist.strings */ = {
			isa = PBXVariantGroup;
			children = (
				495CB7E41A9F1795000E3F2F /* en */,
			);
			name = InfoPlist.strings;
			sourceTree = "<group>";
		};
		495CB7E61A9F1799000E3F2F /* MainStoryboard.storyboard */ = {
			isa = PBXVariantGroup;
			children = (
				495CB7E71A9F1799000E3F2F /* en */,
			);
			name = MainStoryboard.storyboard;
			sourceTree = "<group>";
		};
/* End PBXVariantGroup section */

/* Begin XCBuildConfiguration section */
		495CB7D91A9F15C7000E3F2F /* Debug */ = {
			isa = XCBuildConfiguration;
			buildSettings = {
				ALWAYS_SEARCH_USER_PATHS = NO;
				CLANG_CXX_LANGUAGE_STANDARD = "gnu++0x";
				CLANG_CXX_LIBRARY = "libc++";
				CLANG_ENABLE_MODULES = YES;
				CLANG_ENABLE_OBJC_ARC = YES;
				CLANG_WARN_BOOL_CONVERSION = YES;
				CLANG_WARN_CONSTANT_CONVERSION = YES;
				CLANG_WARN_DIRECT_OBJC_ISA_USAGE = YES_ERROR;
				CLANG_WARN_EMPTY_BODY = YES;
				CLANG_WARN_ENUM_CONVERSION = YES;
				CLANG_WARN_INT_CONVERSION = YES;
				CLANG_WARN_OBJC_ROOT_CLASS = YES_ERROR;
				CLANG_WARN_UNREACHABLE_CODE = YES;
				CLANG_WARN__DUPLICATE_METHOD_MATCH = YES;
				"CODE_SIGN_IDENTITY[sdk=iphoneos*]" = "iPhone Developer";
				COPY_PHASE_STRIP = NO;
				ENABLE_STRICT_OBJC_MSGSEND = YES;
				GCC_C_LANGUAGE_STANDARD = gnu99;
				GCC_DYNAMIC_NO_PIC = NO;
				GCC_OPTIMIZATION_LEVEL = 0;
				GCC_PREPROCESSOR_DEFINITIONS = (
					"DEBUG=1",
					"$(inherited)",
				);
				GCC_SYMBOLS_PRIVATE_EXTERN = NO;
				GCC_WARN_64_TO_32_BIT_CONVERSION = YES;
				GCC_WARN_ABOUT_RETURN_TYPE = YES_ERROR;
				GCC_WARN_UNDECLARED_SELECTOR = YES;
				GCC_WARN_UNINITIALIZED_AUTOS = YES_AGGRESSIVE;
				GCC_WARN_UNUSED_FUNCTION = YES;
				GCC_WARN_UNUSED_VARIABLE = YES;
				IPHONEOS_DEPLOYMENT_TARGET = 8.1;
				MTL_ENABLE_DEBUG_INFO = YES;
				ONLY_ACTIVE_ARCH = YES;
				SDKROOT = iphoneos;
				TARGETED_DEVICE_FAMILY = "1,2";
			};
			name = Debug;
		};
		495CB7DA1A9F15C7000E3F2F /* Release */ = {
			isa = XCBuildConfiguration;
			buildSettings = {
				ALWAYS_SEARCH_USER_PATHS = NO;
				CLANG_CXX_LANGUAGE_STANDARD = "gnu++0x";
				CLANG_CXX_LIBRARY = "libc++";
				CLANG_ENABLE_MODULES = YES;
				CLANG_ENABLE_OBJC_ARC = YES;
				CLANG_WARN_BOOL_CONVERSION = YES;
				CLANG_WARN_CONSTANT_CONVERSION = YES;
				CLANG_WARN_DIRECT_OBJC_ISA_USAGE = YES_ERROR;
				CLANG_WARN_EMPTY_BODY = YES;
				CLANG_WARN_ENUM_CONVERSION = YES;
				CLANG_WARN_INT_CONVERSION = YES;
				CLANG_WARN_OBJC_ROOT_CLASS = YES_ERROR;
				CLANG_WARN_UNREACHABLE_CODE = YES;
				CLANG_WARN__DUPLICATE_METHOD_MATCH = YES;
				"CODE_SIGN_IDENTITY[sdk=iphoneos*]" = "iPhone Developer";
				COPY_PHASE_STRIP = YES;
				ENABLE_NS_ASSERTIONS = NO;
				ENABLE_STRICT_OBJC_MSGSEND = YES;
				GCC_C_LANGUAGE_STANDARD = gnu99;
				GCC_WARN_64_TO_32_BIT_CONVERSION = YES;
				GCC_WARN_ABOUT_RETURN_TYPE = YES_ERROR;
				GCC_WARN_UNDECLARED_SELECTOR = YES;
				GCC_WARN_UNINITIALIZED_AUTOS = YES_AGGRESSIVE;
				GCC_WARN_UNUSED_FUNCTION = YES;
				GCC_WARN_UNUSED_VARIABLE = YES;
				IPHONEOS_DEPLOYMENT_TARGET = 8.1;
				MTL_ENABLE_DEBUG_INFO = NO;
				SDKROOT = iphoneos;
				TARGETED_DEVICE_FAMILY = "1,2";
				VALIDATE_PRODUCT = YES;
			};
			name = Release;
		};
		495CB7DC1A9F15C7000E3F2F /* Debug */ = {
			isa = XCBuildConfiguration;
			baseConfigurationReference = 6876F2AF094F34EAA3A09B1C /* Pods.debug.xcconfig */;
			buildSettings = {
				ASSETCATALOG_COMPILER_APPICON_NAME = AppIcon;
				INFOPLIST_FILE = Demo/Info.plist;
				LD_RUNPATH_SEARCH_PATHS = "$(inherited) @executable_path/Frameworks";
				PRODUCT_NAME = "$(TARGET_NAME)";
				TARGETED_DEVICE_FAMILY = 2;
			};
			name = Debug;
		};
		495CB7DD1A9F15C7000E3F2F /* Release */ = {
			isa = XCBuildConfiguration;
			baseConfigurationReference = AFE61967A906FAC00904A0E1 /* Pods.release.xcconfig */;
			buildSettings = {
				ASSETCATALOG_COMPILER_APPICON_NAME = AppIcon;
				INFOPLIST_FILE = Demo/Info.plist;
				LD_RUNPATH_SEARCH_PATHS = "$(inherited) @executable_path/Frameworks";
				PRODUCT_NAME = "$(TARGET_NAME)";
				TARGETED_DEVICE_FAMILY = 2;
			};
			name = Release;
		};
		495CB7DF1A9F15C7000E3F2F /* Debug */ = {
			isa = XCBuildConfiguration;
			baseConfigurationReference = 004195FC1CE83B6D7B01E17D /* Pods-Tests.debug.xcconfig */;
			buildSettings = {
				BUNDLE_LOADER = "$(TEST_HOST)";
				FRAMEWORK_SEARCH_PATHS = (
					"$(SDKROOT)/Developer/Library/Frameworks",
					"$(inherited)",
				);
				GCC_PREPROCESSOR_DEFINITIONS = (
					"DEBUG=1",
					"$(inherited)",
				);
				INFOPLIST_FILE = Tests/Info.plist;
				LD_RUNPATH_SEARCH_PATHS = "$(inherited) @executable_path/Frameworks @loader_path/Frameworks";
				PRODUCT_NAME = "$(TARGET_NAME)";
				TEST_HOST = "$(BUILT_PRODUCTS_DIR)/Demo.app/Demo";
			};
			name = Debug;
		};
		495CB7E01A9F15C7000E3F2F /* Release */ = {
			isa = XCBuildConfiguration;
			baseConfigurationReference = B7254A7657FA8934B4B14455 /* Pods-Tests.release.xcconfig */;
			buildSettings = {
				BUNDLE_LOADER = "$(TEST_HOST)";
				FRAMEWORK_SEARCH_PATHS = (
					"$(SDKROOT)/Developer/Library/Frameworks",
					"$(inherited)",
				);
				INFOPLIST_FILE = Tests/Info.plist;
				LD_RUNPATH_SEARCH_PATHS = "$(inherited) @executable_path/Frameworks @loader_path/Frameworks";
				PRODUCT_NAME = "$(TARGET_NAME)";
				TEST_HOST = "$(BUILT_PRODUCTS_DIR)/Demo.app/Demo";
			};
			name = Release;
		};
/* End XCBuildConfiguration section */

/* Begin XCConfigurationList section */
		495CB7B31A9F15C7000E3F2F /* Build configuration list for PBXProject "UICollectionViewEmptyState" */ = {
			isa = XCConfigurationList;
			buildConfigurations = (
				495CB7D91A9F15C7000E3F2F /* Debug */,
				495CB7DA1A9F15C7000E3F2F /* Release */,
			);
			defaultConfigurationIsVisible = 0;
			defaultConfigurationName = Release;
		};
		495CB7DB1A9F15C7000E3F2F /* Build configuration list for PBXNativeTarget "Demo" */ = {
			isa = XCConfigurationList;
			buildConfigurations = (
				495CB7DC1A9F15C7000E3F2F /* Debug */,
				495CB7DD1A9F15C7000E3F2F /* Release */,
			);
			defaultConfigurationIsVisible = 0;
			defaultConfigurationName = Release;
		};
		495CB7DE1A9F15C7000E3F2F /* Build configuration list for PBXNativeTarget "Tests" */ = {
			isa = XCConfigurationList;
			buildConfigurations = (
				495CB7DF1A9F15C7000E3F2F /* Debug */,
				495CB7E01A9F15C7000E3F2F /* Release */,
			);
			defaultConfigurationIsVisible = 0;
			defaultConfigurationName = Release;
		};
/* End XCConfigurationList section */
	};
	rootObject = 495CB7B01A9F15C7000E3F2F /* Project object */;
}
